
Microsoft Visual Studio Solution File, Format Version 12.00
# Visual Studio 14
VisualStudioVersion = 14.0.25420.1
MinimumVisualStudioVersion = 10.0.40219.1
Project("{D954291E-2A0B-460D-934E-DC6B0785DB48}") = "DevUtils", "DevUtils\DevUtils.shproj", "{D88F9DB4-4C3E-4146-BFC1-41BF940FC93A}"
EndProject
Global
	GlobalSection(SharedMSBuildProjectFiles) = preSolution
		DevUtils\DevUtils.projitems*{d88f9db4-4c3e-4146-bfc1-41bf940fc93a}*SharedItemsImports = 13
	EndGlobalSection
	GlobalSection(SolutionProperties) = preSolution
		HideSolutionNode = FALSE
	EndGlobalSection
EndGlobal
